Microsoft Visual Studio Solution File, Format Version 12.00
# Visual Studio Version 17
VisualStudioVersion = 17.5.2.0
MinimumVisualStudioVersion = 10.0.40219.1
Project("{2150E333-8FDC-42A3-9474-1A3956D46DE8}") = "examples", "examples", "{B36A84DF-456D-A817-6EDD-3EC3E7F6E11F}"
EndProject
Project("{FAE04EC0-301F-11D3-BF4B-00C04F79EFBC}") = "TraceMe", "examples\TraceMe\TraceMe.csproj", "{593C557A-E781-D5F2-B053-E4667BA01BA2}"
EndProject
Project("{FAE04EC0-301F-11D3-BF4B-00C04F79EFBC}") = "TraceMeV2", "examples\TraceMeV2\TraceMeV2.csproj", "{B63B6E8D-72ED-2E87-9931-F144C867FE30}"
EndProject
Global
	GlobalSection(SolutionConfigurationPlatforms) = preSolution
		Debug|Any CPU = Debug|Any CPU
		Release|Any CPU = Release|Any CPU
	EndGlobalSection
	GlobalSection(ProjectConfigurationPlatforms) = postSolution
		{593C557A-E781-D5F2-B053-E4667BA01BA2}.Debug|Any CPU.ActiveCfg = Debug|Any CPU
		{593C557A-E781-D5F2-B053-E4667BA01BA2}.Debug|Any CPU.Build.0 = Debug|Any CPU
		{593C557A-E781-D5F2-B053-E4667BA01BA2}.Release|Any CPU.ActiveCfg = Release|Any CPU
		{593C557A-E781-D5F2-B053-E4667BA01BA2}.Release|Any CPU.Build.0 = Release|Any CPU
		{B63B6E8D-72ED-2E87-9931-F144C867FE30}.Debug|Any CPU.ActiveCfg = Debug|Any CPU
		{B63B6E8D-72ED-2E87-9931-F144C867FE30}.Debug|Any CPU.Build.0 = Debug|Any CPU
		{B63B6E8D-72ED-2E87-9931-F144C867FE30}.Release|Any CPU.ActiveCfg = Release|Any CPU
		{B63B6E8D-72ED-2E87-9931-F144C867FE30}.Release|Any CPU.Build.0 = Release|Any CPU
	EndGlobalSection
	GlobalSection(SolutionProperties) = preSolution
		HideSolutionNode = FALSE
	EndGlobalSection
	GlobalSection(NestedProjects) = preSolution
		{593C557A-E781-D5F2-B053-E4667BA01BA2} = {B36A84DF-456D-A817-6EDD-3EC3E7F6E11F}
		{B63B6E8D-72ED-2E87-9931-F144C867FE30} = {B36A84DF-456D-A817-6EDD-3EC3E7F6E11F}
	EndGlobalSection
	GlobalSection(ExtensibilityGlobals) = postSolution
		SolutionGuid = {D51D857F-ECC8-4C41-BEF9-0259E87C8C8E}
	EndGlobalSection
EndGlobal
